
Microsoft Visual Studio Solution File, Format Version 12.00
Project("{FAE04EC0-301F-11D3-BF4B-00C04F79EFBC}") = "Ukesoppgave Uke 3", "Ukesoppgave Uke 3\Ukesoppgave Uke 3.csproj", "{A8981983-B6D9-4984-9E95-26F92580A533}"
EndProject
Global
	GlobalSection(SolutionConfigurationPlatforms) = preSolution
		Debug|Any CPU = Debug|Any CPU
		Release|Any CPU = Release|Any CPU
	EndGlobalSection
	GlobalSection(ProjectConfigurationPlatforms) = postSolution
		{A8981983-B6D9-4984-9E95-26F92580A533}.Debug|Any CPU.ActiveCfg = Debug|Any CPU
		{A8981983-B6D9-4984-9E95-26F92580A533}.Debug|Any CPU.Build.0 = Debug|Any CPU
		{A8981983-B6D9-4984-9E95-26F92580A533}.Release|Any CPU.ActiveCfg = Release|Any CPU
		{A8981983-B6D9-4984-9E95-26F92580A533}.Release|Any CPU.Build.0 = Release|Any CPU
	EndGlobalSection
EndGlobal
